// !$*UTF8*$!
{
	archiveVersion = 1;
	classes = {
	};
	objectVersion = 55;
	objects = {

/* Begin PBXBuildFile section */
		5A18A75B28620A6F00AE5BE9 /* Article.swift in Sources */ = {isa = PBXBuildFile; fileRef = 5A18A75A28620A6F00AE5BE9 /* Article.swift */; };
		5A18A75D28620B7300AE5BE9 /* Data.swift in Sources */ = {isa = PBXBuildFile; fileRef = 5A18A75C28620B7300AE5BE9 /* Data.swift */; };
		5A34F336283B8196007BC911 /* WorkingWithScrollApp.swift in Sources */ = {isa = PBXBuildFile; fileRef = 5A34F335283B8196007BC911 /* WorkingWithScrollApp.swift */; };
		5A34F338283B8196007BC911 /* CardView.swift in Sources */ = {isa = PBXBuildFile; fileRef = 5A34F337283B8196007BC911 /* CardView.swift */; };
		5A34F33A283B8197007BC911 /* Assets.xcassets in Resources */ = {isa = PBXBuildFile; fileRef = 5A34F339283B8197007BC911 /* Assets.xcassets */; };
		5A34F33D283B8197007BC911 /* Preview Assets.xcassets in Resources */ = {isa = PBXBuildFile; fileRef = 5A34F33C283B8197007BC911 /* Preview Assets.xcassets */; };
		5A68F0ED2842092E00A05152 /* ContentView.swift in Sources */ = {isa = PBXBuildFile; fileRef = 5A68F0EC2842092E00A05152 /* ContentView.swift */; };
		5A68F0EF2842184E00A05152 /* CarouselView.swift in Sources */ = {isa = PBXBuildFile; fileRef = 5A68F0EE2842184E00A05152 /* CarouselView.swift */; };
		5AEF41C028525C8400114B16 /* AnimatedView.swift in Sources */ = {isa = PBXBuildFile; fileRef = 5AEF41BF28525C8400114B16 /* AnimatedView.swift */; };
/* End PBXBuildFile section */

/* Begin PBXFileReference section */
		5A18A75A28620A6F00AE5BE9 /* Article.swift */ = {isa = PBXFileReference; lastKnownFileType = sourcecode.swift; path = Article.swift; sourceTree = "<group>"; };
		5A18A75C28620B7300AE5BE9 /* Data.swift */ = {isa = PBXFileReference; lastKnownFileType = sourcecode.swift; path = Data.swift; sourceTree = "<group>"; };
		5A34F332283B8196007BC911 /* WorkingWithScroll.app */ = {isa = PBXFileReference; explicitFileType = wrapper.application; includeInIndex = 0; path = WorkingWithScroll.app; sourceTree = BUILT_PRODUCTS_DIR; };
		5A34F335283B8196007BC911 /* WorkingWithScrollApp.swift */ = {isa = PBXFileReference; lastKnownFileType = sourcecode.swift; path = WorkingWithScrollApp.swift; sourceTree = "<group>"; };
		5A34F337283B8196007BC911 /* CardView.swift */ = {isa = PBXFileReference; lastKnownFileType = sourcecode.swift; path = CardView.swift; sourceTree = "<group>"; };
		5A34F339283B8197007BC911 /* Assets.xcassets */ = {isa = PBXFileReference; lastKnownFileType = folder.assetcatalog; path = Assets.xcassets; sourceTree = "<group>"; };
		5A34F33C283B8197007BC911 /* Preview Assets.xcassets */ = {isa = PBXFileReference; lastKnownFileType = folder.assetcatalog; path = "Preview Assets.xcassets"; sourceTree = "<group>"; };
		5A68F0EC2842092E00A05152 /* ContentView.swift */ = {isa = PBXFileReference; lastKnownFileType = sourcecode.swift; path = ContentView.swift; sourceTree = "<group>"; };
		5A68F0EE2842184E00A05152 /* CarouselView.swift */ = {isa = PBXFileReference; lastKnownFileType = sourcecode.swift; path = CarouselView.swift; sourceTree = "<group>"; };
		5AEF41BF28525C8400114B16 /* AnimatedView.swift */ = {isa = PBXFileReference; lastKnownFileType = sourcecode.swift; path = AnimatedView.swift; sourceTree = "<group>"; };
/* End PBXFileReference section */

/* Begin PBXFrameworksBuildPhase section */
		5A34F32F283B8196007BC911 /* Frameworks */ = {
			isa = PBXFrameworksBuildPhase;
			buildActionMask = 2147483647;
			files = (
			);
			runOnlyForDeploymentPostprocessing = 0;
		};
/* End PBXFrameworksBuildPhase section */

/* Begin PBXGroup section */
		5A18A75928620A6200AE5BE9 /* Models */ = {
			isa = PBXGroup;
			children = (
				5A18A75A28620A6F00AE5BE9 /* Article.swift */,
				5A18A75C28620B7300AE5BE9 /* Data.swift */,
			);
			path = Models;
			sourceTree = "<group>";
		};
		5A34F329283B8196007BC911 = {
			isa = PBXGroup;
			children = (
				5A34F334283B8196007BC911 /* WorkingWithScroll */,
				5A34F333283B8196007BC911 /* Products */,
			);
			sourceTree = "<group>";
		};
		5A34F333283B8196007BC911 /* Products */ = {
			isa = PBXGroup;
			children = (
				5A34F332283B8196007BC911 /* WorkingWithScroll.app */,
			);
			name = Products;
			sourceTree = "<group>";
		};
		5A34F334283B8196007BC911 /* WorkingWithScroll */ = {
			isa = PBXGroup;
			children = (
				5A18A75928620A6200AE5BE9 /* Models */,
				5A34F337283B8196007BC911 /* CardView.swift */,
				5A68F0EE2842184E00A05152 /* CarouselView.swift */,
				5A68F0EC2842092E00A05152 /* ContentView.swift */,
				5AEF41BF28525C8400114B16 /* AnimatedView.swift */,
				5A34F339283B8197007BC911 /* Assets.xcassets */,
				5A34F33B283B8197007BC911 /* Preview Content */,
				5A34F335283B8196007BC911 /* WorkingWithScrollApp.swift */,
			);
			path = WorkingWithScroll;
			sourceTree = "<group>";
		};
		5A34F33B283B8197007BC911 /* Preview Content */ = {
			isa = PBXGroup;
			children = (
				5A34F33C283B8197007BC911 /* Preview Assets.xcassets */,
			);
			path = "Preview Content";
			sourceTree = "<group>";
		};
/* End PBXGroup section */

/* Begin PBXNativeTarget section */
		5A34F331283B8196007BC911 /* WorkingWithScroll */ = {
			isa = PBXNativeTarget;
			buildConfigurationList = 5A34F340283B8197007BC911 /* Build configuration list for PBXNativeTarget "WorkingWithScroll" */;
			buildPhases = (
				5A34F32E283B8196007BC911 /* Sources */,
				5A34F32F283B8196007BC911 /* Frameworks */,
				5A34F330283B8196007BC911 /* Resources */,
			);
			buildRules = (
			);
			dependencies = (
			);
			name = WorkingWithScroll;
			productName = WorkingWithScroll;
			productReference = 5A34F332283B8196007BC911 /* WorkingWithScroll.app */;
			productType = "com.apple.product-type.application";
		};
/* End PBXNativeTarget section */

/* Begin PBXProject section */
		5A34F32A283B8196007BC911 /* Project object */ = {
			isa = PBXProject;
			attributes = {
				BuildIndependentTargetsInParallel = 1;
				LastSwiftUpdateCheck = 1340;
				LastUpgradeCheck = 1340;
				TargetAttributes = {
					5A34F331283B8196007BC911 = {
						CreatedOnToolsVersion = 13.4;
					};
				};
			};
			buildConfigurationList = 5A34F32D283B8196007BC911 /* Build configuration list for PBXProject "WorkingWithScroll" */;
			compatibilityVersion = "Xcode 13.0";
			developmentRegion = en;
			hasScannedForEncodings = 0;
			knownRegions = (
				en,
				Base,
			);
			mainGroup = 5A34F329283B8196007BC911;
			productRefGroup = 5A34F333283B8196007BC911 /* Products */;
			projectDirPath = "";
			projectRoot = "";
			targets = (
				5A34F331283B8196007BC911 /* WorkingWithScroll */,
			);
		};
/* End PBXProject section */

/* Begin PBXResourcesBuildPhase section */
		5A34F330283B8196007BC911 /* Resources */ = {
			isa = PBXResourcesBuildPhase;
			buildActionMask = 2147483647;
			files = (
				5A34F33D283B8197007BC911 /* Preview Assets.xcassets in Resources */,
				5A34F33A283B8197007BC911 /* Assets.xcassets in Resources */,
			);
			runOnlyForDeploymentPostprocessing = 0;
		};
/* End PBXResourcesBuildPhase section */

/* Begin PBXSourcesBuildPhase section */
		5A34F32E283B8196007BC911 /* Sources */ = {
			isa = PBXSourcesBuildPhase;
			buildActionMask = 2147483647;
			files = (
				5A18A75D28620B7300AE5BE9 /* Data.swift in Sources */,
				5A34F338283B8196007BC911 /* CardView.swift in Sources */,
				5A34F336283B8196007BC911 /* WorkingWithScrollApp.swift in Sources */,
				5A18A75B28620A6F00AE5BE9 /* Article.swift in Sources */,
				5AEF41C028525C8400114B16 /* AnimatedView.swift in Sources */,
				5A68F0EF2842184E00A05152 /* CarouselView.swift in Sources */,
				5A68F0ED2842092E00A05152 /* ContentView.swift in Sources */,
			);
			runOnlyForDeploymentPostprocessing = 0;
		};
/* End PBXSourcesBuildPhase section */

/* Begin XCBuildConfiguration section */
		5A34F33E283B8197007BC911 /* Debug */ = {
			isa = XCBuildConfiguration;
			buildSettings = {
				ALWAYS_SEARCH_USER_PATHS = NO;
				CLANG_ANALYZER_NONNULL = YES;
				CLANG_ANALYZER_NUMBER_OBJECT_CONVERSION = YES_AGGRESSIVE;
				CLANG_CXX_LANGUAGE_STANDARD = "gnu++17";
				CLANG_ENABLE_MODULES = YES;
				CLANG_ENABLE_OBJC_ARC = YES;
				CLANG_ENABLE_OBJC_WEAK = YES;
				CLANG_WARN_BLOCK_CAPTURE_AUTORELEASING = YES;
				CLANG_WARN_BOOL_CONVERSION = YES;
				CLANG_WARN_COMMA = YES;
				CLANG_WARN_CONSTANT_CONVERSION = YES;
				CLANG_WARN_DEPRECATED_OBJC_IMPLEMENTATIONS = YES;
				CLANG_WARN_DIRECT_OBJC_ISA_USAGE = YES_ERROR;
				CLANG_WARN_DOCUMENTATION_COMMENTS = YES;
				CLANG_WARN_EMPTY_BODY = YES;
				CLANG_WARN_ENUM_CONVERSION = YES;
				CLANG_WARN_INFINITE_RECURSION = YES;
				CLANG_WARN_INT_CONVERSION = YES;
				CLANG_WARN_NON_LITERAL_NULL_CONVERSION = YES;
				CLANG_WARN_OBJC_IMPLICIT_RETAIN_SELF = YES;
				CLANG_WARN_OBJC_LITERAL_CONVERSION = YES;
				CLANG_WARN_OBJC_ROOT_CLASS = YES_ERROR;
				CLANG_WARN_QUOTED_INCLUDE_IN_FRAMEWORK_HEADER = YES;
				CLANG_WARN_RANGE_LOOP_ANALYSIS = YES;
				CLANG_WARN_STRICT_PROTOTYPES = YES;
				CLANG_WARN_SUSPICIOUS_MOVE = YES;
				CLANG_WARN_UNGUARDED_AVAILABILITY = YES_AGGRESSIVE;
				CLANG_WARN_UNREACHABLE_CODE = YES;
				CLANG_WARN__DUPLICATE_METHOD_MATCH = YES;
				COPY_PHASE_STRIP = NO;
				DEBUG_INFORMATION_FORMAT = dwarf;
				ENABLE_STRICT_OBJC_MSGSEND = YES;
				ENABLE_TESTABILITY = YES;
				GCC_C_LANGUAGE_STANDARD = gnu11;
				GCC_DYNAMIC_NO_PIC = NO;
				GCC_NO_COMMON_BLOCKS = YES;
				GCC_OPTIMIZATION_LEVEL = 0;
				GCC_PREPROCESSOR_DEFINITIONS = (
					"DEBUG=1",
					"$(inherited)",
				);
				GCC_WARN_64_TO_32_BIT_CONVERSION = YES;
				GCC_WARN_ABOUT_RETURN_TYPE = YES_ERROR;
				GCC_WARN_UNDECLARED_SELECTOR = YES;
				GCC_WARN_UNINITIALIZED_AUTOS = YES_AGGRESSIVE;
				GCC_WARN_UNUSED_FUNCTION = YES;
				GCC_WARN_UNUSED_VARIABLE = YES;
				IPHONEOS_DEPLOYMENT_TARGET = 14.0;
				MTL_ENABLE_DEBUG_INFO = INCLUDE_SOURCE;
				MTL_FAST_MATH = YES;
				ONLY_ACTIVE_ARCH = YES;
				SDKROOT = iphoneos;
				SWIFT_ACTIVE_COMPILATION_CONDITIONS = DEBUG;
				SWIFT_OPTIMIZATION_LEVEL = "-Onone";
			};
			name = Debug;
		};
		5A34F33F283B8197007BC911 /* Release */ = {
			isa = XCBuildConfiguration;
			buildSettings = {
				ALWAYS_SEARCH_USER_PATHS = NO;
				CLANG_ANALYZER_NONNULL = YES;
				CLANG_ANALYZER_NUMBER_OBJECT_CONVERSION = YES_AGGRESSIVE;
				CLANG_CXX_LANGUAGE_STANDARD = "gnu++17";
				CLANG_ENABLE_MODULES = YES;
				CLANG_ENABLE_OBJC_ARC = YES;
				CLANG_ENABLE_OBJC_WEAK = YES;
				CLANG_WARN_BLOCK_CAPTURE_AUTORELEASING = YES;
				CLANG_WARN_BOOL_CONVERSION = YES;
				CLANG_WARN_COMMA = YES;
				CLANG_WARN_CONSTANT_CONVERSION = YES;
				CLANG_WARN_DEPRECATED_OBJC_IMPLEMENTATIONS = YES;
				CLANG_WARN_DIRECT_OBJC_ISA_USAGE = YES_ERROR;
				CLANG_WARN_DOCUMENTATION_COMMENTS = YES;
				CLANG_WARN_EMPTY_BODY = YES;
				CLANG_WARN_ENUM_CONVERSION = YES;
				CLANG_WARN_INFINITE_RECURSION = YES;
				CLANG_WARN_INT_CONVERSION = YES;
				CLANG_WARN_NON_LITERAL_NULL_CONVERSION = YES;
				CLANG_WARN_OBJC_IMPLICIT_RETAIN_SELF = YES;
				CLANG_WARN_OBJC_LITERAL_CONVERSION = YES;
				CLANG_WARN_OBJC_ROOT_CLASS = YES_ERROR;
				CLANG_WARN_QUOTED_INCLUDE_IN_FRAMEWORK_HEADER = YES;
				CLANG_WARN_RANGE_LOOP_ANALYSIS = YES;
				CLANG_WARN_STRICT_PROTOTYPES = YES;
				CLANG_WARN_SUSPICIOUS_MOVE = YES;
				CLANG_WARN_UNGUARDED_AVAILABILITY = YES_AGGRESSIVE;
				CLANG_WARN_UNREACHABLE_CODE = YES;
				CLANG_WARN__DUPLICATE_METHOD_MATCH = YES;
				COPY_PHASE_STRIP = NO;
				DEBUG_INFORMATION_FORMAT = "dwarf-with-dsym";
				ENABLE_NS_ASSERTIONS = NO;
				ENABLE_STRICT_OBJC_MSGSEND = YES;
				GCC_C_LANGUAGE_STANDARD = gnu11;
				GCC_NO_COMMON_BLOCKS = YES;
				GCC_WARN_64_TO_32_BIT_CONVERSION = YES;
				GCC_WARN_ABOUT_RETURN_TYPE = YES_ERROR;
				GCC_WARN_UNDECLARED_SELECTOR = YES;
				GCC_WARN_UNINITIALIZED_AUTOS = YES_AGGRESSIVE;
				GCC_WARN_UNUSED_FUNCTION = YES;
				GCC_WARN_UNUSED_VARIABLE = YES;
				IPHONEOS_DEPLOYMENT_TARGET = 14.0;
				MTL_ENABLE_DEBUG_INFO = NO;
				MTL_FAST_MATH = YES;
				SDKROOT = iphoneos;
				SWIFT_COMPILATION_MODE = wholemodule;
				SWIFT_OPTIMIZATION_LEVEL = "-O";
				VALIDATE_PRODUCT = YES;
			};
			name = Release;
		};
		5A34F341283B8197007BC911 /* Debug */ = {
			isa = XCBuildConfiguration;
			buildSettings = {
				ASSETCATALOG_COMPILER_APPICON_NAME = AppIcon;
				ASSETCATALOG_COMPILER_GLOBAL_ACCENT_COLOR_NAME = AccentColor;
				CODE_SIGN_STYLE = Automatic;
				CURRENT_PROJECT_VERSION = 1;
				DEVELOPMENT_ASSET_PATHS = "\"WorkingWithScroll/Preview Content\"";
				DEVELOPMENT_TEAM = 8Z9CP2T4M4;
				ENABLE_PREVIEWS = YES;
				GENERATE_INFOPLIST_FILE = YES;
				INFOPLIST_KEY_UIApplicationSceneManifest_Generation = YES;
				INFOPLIST_KEY_UIApplicationSupportsIndirectInputEvents = YES;
				INFOPLIST_KEY_UILaunchScreen_Generation = YES;
				INFOPLIST_KEY_UISupportedInterfaceOrientations_iPad = "UIInterfaceOrientationPortrait UIInterfaceOrientationPortraitUpsideDown UIInterfaceOrientationLandscapeLeft UIInterfaceOrientationLandscapeRight";
				INFOPLIST_KEY_UISupportedInterfaceOrientations_iPhone = "UIInterfaceOrientationPortrait UIInterfaceOrientationLandscapeLeft UIInterfaceOrientationLandscapeRight";
				LD_RUNPATH_SEARCH_PATHS = (
					"$(inherited)",
					"@executable_path/Frameworks",
				);
				MARKETING_VERSION = 1.0;
				PRODUCT_BUNDLE_IDENTIFIER = com.theyoogle.WorkingWithScroll;
				PRODUCT_NAME = "$(TARGET_NAME)";
				SWIFT_EMIT_LOC_STRINGS = YES;
				SWIFT_VERSION = 5.0;
				TARGETED_DEVICE_FAMILY = "1,2";
			};
			name = Debug;
		};
		5A34F342283B8197007BC911 /* Release */ = {
			isa = XCBuildConfiguration;
			buildSettings = {
				ASSETCATALOG_COMPILER_APPICON_NAME = AppIcon;
				ASSETCATALOG_COMPILER_GLOBAL_ACCENT_COLOR_NAME = AccentColor;
				CODE_SIGN_STYLE = Automatic;
				CURRENT_PROJECT_VERSION = 1;
				DEVELOPMENT_ASSET_PATHS = "\"WorkingWithScroll/Preview Content\"";
				DEVELOPMENT_TEAM = 8Z9CP2T4M4;
				ENABLE_PREVIEWS = YES;
				GENERATE_INFOPLIST_FILE = YES;
				INFOPLIST_KEY_UIApplicationSceneManifest_Generation = YES;
				INFOPLIST_KEY_UIApplicationSupportsIndirectInputEvents = YES;
				INFOPLIST_KEY_UILaunchScreen_Generation = YES;
				INFOPLIST_KEY_UISupportedInterfaceOrientations_iPad = "UIInterfaceOrientationPortrait UIInterfaceOrientationPortraitUpsideDown UIInterfaceOrientationLandscapeLeft UIInterfaceOrientationLandscapeRight";
				INFOPLIST_KEY_UISupportedInterfaceOrientations_iPhone = "UIInterfaceOrientationPortrait UIInterfaceOrientationLandscapeLeft UIInterfaceOrientationLandscapeRight";
				LD_RUNPATH_SEARCH_PATHS = (
					"$(inherited)",
					"@executable_path/Frameworks",
				);
				MARKETING_VERSION = 1.0;
				PRODUCT_BUNDLE_IDENTIFIER = com.theyoogle.WorkingWithScroll;
				PRODUCT_NAME = "$(TARGET_NAME)";
				SWIFT_EMIT_LOC_STRINGS = YES;
				SWIFT_VERSION = 5.0;
				TARGETED_DEVICE_FAMILY = "1,2";
			};
			name = Release;
		};
/* End XCBuildConfiguration section */

/* Begin XCConfigurationList section */
		5A34F32D283B8196007BC911 /* Build configuration list for PBXProject "WorkingWithScroll" */ = {
			isa = XCConfigurationList;
			buildConfigurations = (
				5A34F33E283B8197007BC911 /* Debug */,
				5A34F33F283B8197007BC911 /* Release */,
			);
			defaultConfigurationIsVisible = 0;
			defaultConfigurationName = Release;
		};
		5A34F340283B8197007BC911 /* Build configuration list for PBXNativeTarget "WorkingWithScroll" */ = {
			isa = XCConfigurationList;
			buildConfigurations = (
				5A34F341283B8197007BC911 /* Debug */,
				5A34F342283B8197007BC911 /* Release */,
			);
			defaultConfigurationIsVisible = 0;
			defaultConfigurationName = Release;
		};
/* End XCConfigurationList section */
	};
	rootObject = 5A34F32A283B8196007BC911 /* Project object */;
}
