// !$*UTF8*$!
{
	archiveVersion = 1;
	classes = {
	};
	objectVersion = 55;
	objects = {

/* Begin PBXBuildFile section */
		5A05E90A287B1ACE00DA995E /* ExpandableBottomSheetApp.swift in Sources */ = {isa = PBXBuildFile; fileRef = 5A05E909287B1ACE00DA995E /* ExpandableBottomSheetApp.swift */; };
		5A05E90C287B1ACE00DA995E /* ContentView.swift in Sources */ = {isa = PBXBuildFile; fileRef = 5A05E90B287B1ACE00DA995E /* ContentView.swift */; };
		5A05E90E287B1ACE00DA995E /* Assets.xcassets in Resources */ = {isa = PBXBuildFile; fileRef = 5A05E90D287B1ACE00DA995E /* Assets.xcassets */; };
		5A05E911287B1ACE00DA995E /* Preview Assets.xcassets in Resources */ = {isa = PBXBuildFile; fileRef = 5A05E910287B1ACE00DA995E /* Preview Assets.xcassets */; };
		5A31524E287B1BB5001168C0 /* Restaurant.swift in Sources */ = {isa = PBXBuildFile; fileRef = 5A31524D287B1BB5001168C0 /* Restaurant.swift */; };
		5A315250287B1CD4001168C0 /* Data.swift in Sources */ = {isa = PBXBuildFile; fileRef = 5A31524F287B1CD4001168C0 /* Data.swift */; };
		5A315252287B1DB3001168C0 /* DetailView.swift in Sources */ = {isa = PBXBuildFile; fileRef = 5A315251287B1DB3001168C0 /* DetailView.swift */; };
		5A315254287B303C001168C0 /* DragState.swift in Sources */ = {isa = PBXBuildFile; fileRef = 5A315253287B303C001168C0 /* DragState.swift */; };
		5A315256287B3299001168C0 /* ViewState.swift in Sources */ = {isa = PBXBuildFile; fileRef = 5A315255287B3299001168C0 /* ViewState.swift */; };
		5A315258287B35C9001168C0 /* ScrollOffsetKey.swift in Sources */ = {isa = PBXBuildFile; fileRef = 5A315257287B35C9001168C0 /* ScrollOffsetKey.swift */; };
/* End PBXBuildFile section */

/* Begin PBXFileReference section */
		5A05E906287B1ACE00DA995E /* ExpandableBottomSheet.app */ = {isa = PBXFileReference; explicitFileType = wrapper.application; includeInIndex = 0; path = ExpandableBottomSheet.app; sourceTree = BUILT_PRODUCTS_DIR; };
		5A05E909287B1ACE00DA995E /* ExpandableBottomSheetApp.swift */ = {isa = PBXFileReference; lastKnownFileType = sourcecode.swift; path = ExpandableBottomSheetApp.swift; sourceTree = "<group>"; };
		5A05E90B287B1ACE00DA995E /* ContentView.swift */ = {isa = PBXFileReference; lastKnownFileType = sourcecode.swift; path = ContentView.swift; sourceTree = "<group>"; };
		5A05E90D287B1ACE00DA995E /* Assets.xcassets */ = {isa = PBXFileReference; lastKnownFileType = folder.assetcatalog; path = Assets.xcassets; sourceTree = "<group>"; };
		5A05E910287B1ACE00DA995E /* Preview Assets.xcassets */ = {isa = PBXFileReference; lastKnownFileType = folder.assetcatalog; path = "Preview Assets.xcassets"; sourceTree = "<group>"; };
		5A31524D287B1BB5001168C0 /* Restaurant.swift */ = {isa = PBXFileReference; lastKnownFileType = sourcecode.swift; path = Restaurant.swift; sourceTree = "<group>"; };
		5A31524F287B1CD4001168C0 /* Data.swift */ = {isa = PBXFileReference; lastKnownFileType = sourcecode.swift; path = Data.swift; sourceTree = "<group>"; };
		5A315251287B1DB3001168C0 /* DetailView.swift */ = {isa = PBXFileReference; lastKnownFileType = sourcecode.swift; path = DetailView.swift; sourceTree = "<group>"; };
		5A315253287B303C001168C0 /* DragState.swift */ = {isa = PBXFileReference; lastKnownFileType = sourcecode.swift; path = DragState.swift; sourceTree = "<group>"; };
		5A315255287B3299001168C0 /* ViewState.swift */ = {isa = PBXFileReference; lastKnownFileType = sourcecode.swift; path = ViewState.swift; sourceTree = "<group>"; };
		5A315257287B35C9001168C0 /* ScrollOffsetKey.swift */ = {isa = PBXFileReference; lastKnownFileType = sourcecode.swift; path = ScrollOffsetKey.swift; sourceTree = "<group>"; };
/* End PBXFileReference section */

/* Begin PBXFrameworksBuildPhase section */
		5A05E903287B1ACE00DA995E /* Frameworks */ = {
			isa = PBXFrameworksBuildPhase;
			buildActionMask = 2147483647;
			files = (
			);
			runOnlyForDeploymentPostprocessing = 0;
		};
/* End PBXFrameworksBuildPhase section */

/* Begin PBXGroup section */
		5A05E8FD287B1ACE00DA995E = {
			isa = PBXGroup;
			children = (
				5A05E908287B1ACE00DA995E /* ExpandableBottomSheet */,
				5A05E907287B1ACE00DA995E /* Products */,
			);
			sourceTree = "<group>";
		};
		5A05E907287B1ACE00DA995E /* Products */ = {
			isa = PBXGroup;
			children = (
				5A05E906287B1ACE00DA995E /* ExpandableBottomSheet.app */,
			);
			name = Products;
			sourceTree = "<group>";
		};
		5A05E908287B1ACE00DA995E /* ExpandableBottomSheet */ = {
			isa = PBXGroup;
			children = (
				5A31524C287B1B9C001168C0 /* Models */,
				5A05E90B287B1ACE00DA995E /* ContentView.swift */,
				5A315251287B1DB3001168C0 /* DetailView.swift */,
				5A05E90D287B1ACE00DA995E /* Assets.xcassets */,
				5A05E90F287B1ACE00DA995E /* Preview Content */,
				5A05E909287B1ACE00DA995E /* ExpandableBottomSheetApp.swift */,
			);
			path = ExpandableBottomSheet;
			sourceTree = "<group>";
		};
		5A05E90F287B1ACE00DA995E /* Preview Content */ = {
			isa = PBXGroup;
			children = (
				5A05E910287B1ACE00DA995E /* Preview Assets.xcassets */,
			);
			path = "Preview Content";
			sourceTree = "<group>";
		};
		5A31524C287B1B9C001168C0 /* Models */ = {
			isa = PBXGroup;
			children = (
				5A31524D287B1BB5001168C0 /* Restaurant.swift */,
				5A31524F287B1CD4001168C0 /* Data.swift */,
				5A315253287B303C001168C0 /* DragState.swift */,
				5A315255287B3299001168C0 /* ViewState.swift */,
				5A315257287B35C9001168C0 /* ScrollOffsetKey.swift */,
			);
			path = Models;
			sourceTree = "<group>";
		};
/* End PBXGroup section */

/* Begin PBXNativeTarget section */
		5A05E905287B1ACE00DA995E /* ExpandableBottomSheet */ = {
			isa = PBXNativeTarget;
			buildConfigurationList = 5A05E914287B1ACE00DA995E /* Build configuration list for PBXNativeTarget "ExpandableBottomSheet" */;
			buildPhases = (
				5A05E902287B1ACE00DA995E /* Sources */,
				5A05E903287B1ACE00DA995E /* Frameworks */,
				5A05E904287B1ACE00DA995E /* Resources */,
			);
			buildRules = (
			);
			dependencies = (
			);
			name = ExpandableBottomSheet;
			productName = ExpandableBottomSheet;
			productReference = 5A05E906287B1ACE00DA995E /* ExpandableBottomSheet.app */;
			productType = "com.apple.product-type.application";
		};
/* End PBXNativeTarget section */

/* Begin PBXProject section */
		5A05E8FE287B1ACE00DA995E /* Project object */ = {
			isa = PBXProject;
			attributes = {
				BuildIndependentTargetsInParallel = 1;
				LastSwiftUpdateCheck = 1340;
				LastUpgradeCheck = 1340;
				TargetAttributes = {
					5A05E905287B1ACE00DA995E = {
						CreatedOnToolsVersion = 13.4.1;
					};
				};
			};
			buildConfigurationList = 5A05E901287B1ACE00DA995E /* Build configuration list for PBXProject "ExpandableBottomSheet" */;
			compatibilityVersion = "Xcode 13.0";
			developmentRegion = en;
			hasScannedForEncodings = 0;
			knownRegions = (
				en,
				Base,
			);
			mainGroup = 5A05E8FD287B1ACE00DA995E;
			productRefGroup = 5A05E907287B1ACE00DA995E /* Products */;
			projectDirPath = "";
			projectRoot = "";
			targets = (
				5A05E905287B1ACE00DA995E /* ExpandableBottomSheet */,
			);
		};
/* End PBXProject section */

/* Begin PBXResourcesBuildPhase section */
		5A05E904287B1ACE00DA995E /* Resources */ = {
			isa = PBXResourcesBuildPhase;
			buildActionMask = 2147483647;
			files = (
				5A05E911287B1ACE00DA995E /* Preview Assets.xcassets in Resources */,
				5A05E90E287B1ACE00DA995E /* Assets.xcassets in Resources */,
			);
			runOnlyForDeploymentPostprocessing = 0;
		};
/* End PBXResourcesBuildPhase section */

/* Begin PBXSourcesBuildPhase section */
		5A05E902287B1ACE00DA995E /* Sources */ = {
			isa = PBXSourcesBuildPhase;
			buildActionMask = 2147483647;
			files = (
				5A05E90C287B1ACE00DA995E /* ContentView.swift in Sources */,
				5A315256287B3299001168C0 /* ViewState.swift in Sources */,
				5A315254287B303C001168C0 /* DragState.swift in Sources */,
				5A05E90A287B1ACE00DA995E /* ExpandableBottomSheetApp.swift in Sources */,
				5A31524E287B1BB5001168C0 /* Restaurant.swift in Sources */,
				5A315252287B1DB3001168C0 /* DetailView.swift in Sources */,
				5A315250287B1CD4001168C0 /* Data.swift in Sources */,
				5A315258287B35C9001168C0 /* ScrollOffsetKey.swift in Sources */,
			);
			runOnlyForDeploymentPostprocessing = 0;
		};
/* End PBXSourcesBuildPhase section */

/* Begin XCBuildConfiguration section */
		5A05E912287B1ACE00DA995E /* Debug */ = {
			isa = XCBuildConfiguration;
			buildSettings = {
				ALWAYS_SEARCH_USER_PATHS = NO;
				CLANG_ANALYZER_NONNULL = YES;
				CLANG_ANALYZER_NUMBER_OBJECT_CONVERSION = YES_AGGRESSIVE;
				CLANG_CXX_LANGUAGE_STANDARD = "gnu++17";
				CLANG_ENABLE_MODULES = YES;
				CLANG_ENABLE_OBJC_ARC = YES;
				CLANG_ENABLE_OBJC_WEAK = YES;
				CLANG_WARN_BLOCK_CAPTURE_AUTORELEASING = YES;
				CLANG_WARN_BOOL_CONVERSION = YES;
				CLANG_WARN_COMMA = YES;
				CLANG_WARN_CONSTANT_CONVERSION = YES;
				CLANG_WARN_DEPRECATED_OBJC_IMPLEMENTATIONS = YES;
				CLANG_WARN_DIRECT_OBJC_ISA_USAGE = YES_ERROR;
				CLANG_WARN_DOCUMENTATION_COMMENTS = YES;
				CLANG_WARN_EMPTY_BODY = YES;
				CLANG_WARN_ENUM_CONVERSION = YES;
				CLANG_WARN_INFINITE_RECURSION = YES;
				CLANG_WARN_INT_CONVERSION = YES;
				CLANG_WARN_NON_LITERAL_NULL_CONVERSION = YES;
				CLANG_WARN_OBJC_IMPLICIT_RETAIN_SELF = YES;
				CLANG_WARN_OBJC_LITERAL_CONVERSION = YES;
				CLANG_WARN_OBJC_ROOT_CLASS = YES_ERROR;
				CLANG_WARN_QUOTED_INCLUDE_IN_FRAMEWORK_HEADER = YES;
				CLANG_WARN_RANGE_LOOP_ANALYSIS = YES;
				CLANG_WARN_STRICT_PROTOTYPES = YES;
				CLANG_WARN_SUSPICIOUS_MOVE = YES;
				CLANG_WARN_UNGUARDED_AVAILABILITY = YES_AGGRESSIVE;
				CLANG_WARN_UNREACHABLE_CODE = YES;
				CLANG_WARN__DUPLICATE_METHOD_MATCH = YES;
				COPY_PHASE_STRIP = NO;
				DEBUG_INFORMATION_FORMAT = dwarf;
				ENABLE_STRICT_OBJC_MSGSEND = YES;
				ENABLE_TESTABILITY = YES;
				GCC_C_LANGUAGE_STANDARD = gnu11;
				GCC_DYNAMIC_NO_PIC = NO;
				GCC_NO_COMMON_BLOCKS = YES;
				GCC_OPTIMIZATION_LEVEL = 0;
				GCC_PREPROCESSOR_DEFINITIONS = (
					"DEBUG=1",
					"$(inherited)",
				);
				GCC_WARN_64_TO_32_BIT_CONVERSION = YES;
				GCC_WARN_ABOUT_RETURN_TYPE = YES_ERROR;
				GCC_WARN_UNDECLARED_SELECTOR = YES;
				GCC_WARN_UNINITIALIZED_AUTOS = YES_AGGRESSIVE;
				GCC_WARN_UNUSED_FUNCTION = YES;
				GCC_WARN_UNUSED_VARIABLE = YES;
				IPHONEOS_DEPLOYMENT_TARGET = 14.0;
				MTL_ENABLE_DEBUG_INFO = INCLUDE_SOURCE;
				MTL_FAST_MATH = YES;
				ONLY_ACTIVE_ARCH = YES;
				SDKROOT = iphoneos;
				SWIFT_ACTIVE_COMPILATION_CONDITIONS = DEBUG;
				SWIFT_OPTIMIZATION_LEVEL = "-Onone";
			};
			name = Debug;
		};
		5A05E913287B1ACE00DA995E /* Release */ = {
			isa = XCBuildConfiguration;
			buildSettings = {
				ALWAYS_SEARCH_USER_PATHS = NO;
				CLANG_ANALYZER_NONNULL = YES;
				CLANG_ANALYZER_NUMBER_OBJECT_CONVERSION = YES_AGGRESSIVE;
				CLANG_CXX_LANGUAGE_STANDARD = "gnu++17";
				CLANG_ENABLE_MODULES = YES;
				CLANG_ENABLE_OBJC_ARC = YES;
				CLANG_ENABLE_OBJC_WEAK = YES;
				CLANG_WARN_BLOCK_CAPTURE_AUTORELEASING = YES;
				CLANG_WARN_BOOL_CONVERSION = YES;
				CLANG_WARN_COMMA = YES;
				CLANG_WARN_CONSTANT_CONVERSION = YES;
				CLANG_WARN_DEPRECATED_OBJC_IMPLEMENTATIONS = YES;
				CLANG_WARN_DIRECT_OBJC_ISA_USAGE = YES_ERROR;
				CLANG_WARN_DOCUMENTATION_COMMENTS = YES;
				CLANG_WARN_EMPTY_BODY = YES;
				CLANG_WARN_ENUM_CONVERSION = YES;
				CLANG_WARN_INFINITE_RECURSION = YES;
				CLANG_WARN_INT_CONVERSION = YES;
				CLANG_WARN_NON_LITERAL_NULL_CONVERSION = YES;
				CLANG_WARN_OBJC_IMPLICIT_RETAIN_SELF = YES;
				CLANG_WARN_OBJC_LITERAL_CONVERSION = YES;
				CLANG_WARN_OBJC_ROOT_CLASS = YES_ERROR;
				CLANG_WARN_QUOTED_INCLUDE_IN_FRAMEWORK_HEADER = YES;
				CLANG_WARN_RANGE_LOOP_ANALYSIS = YES;
				CLANG_WARN_STRICT_PROTOTYPES = YES;
				CLANG_WARN_SUSPICIOUS_MOVE = YES;
				CLANG_WARN_UNGUARDED_AVAILABILITY = YES_AGGRESSIVE;
				CLANG_WARN_UNREACHABLE_CODE = YES;
				CLANG_WARN__DUPLICATE_METHOD_MATCH = YES;
				COPY_PHASE_STRIP = NO;
				DEBUG_INFORMATION_FORMAT = "dwarf-with-dsym";
				ENABLE_NS_ASSERTIONS = NO;
				ENABLE_STRICT_OBJC_MSGSEND = YES;
				GCC_C_LANGUAGE_STANDARD = gnu11;
				GCC_NO_COMMON_BLOCKS = YES;
				GCC_WARN_64_TO_32_BIT_CONVERSION = YES;
				GCC_WARN_ABOUT_RETURN_TYPE = YES_ERROR;
				GCC_WARN_UNDECLARED_SELECTOR = YES;
				GCC_WARN_UNINITIALIZED_AUTOS = YES_AGGRESSIVE;
				GCC_WARN_UNUSED_FUNCTION = YES;
				GCC_WARN_UNUSED_VARIABLE = YES;
				IPHONEOS_DEPLOYMENT_TARGET = 14.0;
				MTL_ENABLE_DEBUG_INFO = NO;
				MTL_FAST_MATH = YES;
				SDKROOT = iphoneos;
				SWIFT_COMPILATION_MODE = wholemodule;
				SWIFT_OPTIMIZATION_LEVEL = "-O";
				VALIDATE_PRODUCT = YES;
			};
			name = Release;
		};
		5A05E915287B1ACE00DA995E /* Debug */ = {
			isa = XCBuildConfiguration;
			buildSettings = {
				ASSETCATALOG_COMPILER_APPICON_NAME = AppIcon;
				ASSETCATALOG_COMPILER_GLOBAL_ACCENT_COLOR_NAME = AccentColor;
				CODE_SIGN_STYLE = Automatic;
				CURRENT_PROJECT_VERSION = 1;
				DEVELOPMENT_ASSET_PATHS = "\"ExpandableBottomSheet/Preview Content\"";
				DEVELOPMENT_TEAM = 8Z9CP2T4M4;
				ENABLE_PREVIEWS = YES;
				GENERATE_INFOPLIST_FILE = YES;
				INFOPLIST_KEY_UIApplicationSceneManifest_Generation = YES;
				INFOPLIST_KEY_UIApplicationSupportsIndirectInputEvents = YES;
				INFOPLIST_KEY_UILaunchScreen_Generation = YES;
				INFOPLIST_KEY_UISupportedInterfaceOrientations_iPad = "UIInterfaceOrientationPortrait UIInterfaceOrientationPortraitUpsideDown UIInterfaceOrientationLandscapeLeft UIInterfaceOrientationLandscapeRight";
				INFOPLIST_KEY_UISupportedInterfaceOrientations_iPhone = "UIInterfaceOrientationPortrait UIInterfaceOrientationLandscapeLeft UIInterfaceOrientationLandscapeRight";
				LD_RUNPATH_SEARCH_PATHS = (
					"$(inherited)",
					"@executable_path/Frameworks",
				);
				MARKETING_VERSION = 1.0;
				PRODUCT_BUNDLE_IDENTIFIER = com.theyoogle.ExpandableBottomSheet;
				PRODUCT_NAME = "$(TARGET_NAME)";
				SWIFT_EMIT_LOC_STRINGS = YES;
				SWIFT_VERSION = 5.0;
				TARGETED_DEVICE_FAMILY = "1,2";
			};
			name = Debug;
		};
		5A05E916287B1ACE00DA995E /* Release */ = {
			isa = XCBuildConfiguration;
			buildSettings = {
				ASSETCATALOG_COMPILER_APPICON_NAME = AppIcon;
				ASSETCATALOG_COMPILER_GLOBAL_ACCENT_COLOR_NAME = AccentColor;
				CODE_SIGN_STYLE = Automatic;
				CURRENT_PROJECT_VERSION = 1;
				DEVELOPMENT_ASSET_PATHS = "\"ExpandableBottomSheet/Preview Content\"";
				DEVELOPMENT_TEAM = 8Z9CP2T4M4;
				ENABLE_PREVIEWS = YES;
				GENERATE_INFOPLIST_FILE = YES;
				INFOPLIST_KEY_UIApplicationSceneManifest_Generation = YES;
				INFOPLIST_KEY_UIApplicationSupportsIndirectInputEvents = YES;
				INFOPLIST_KEY_UILaunchScreen_Generation = YES;
				INFOPLIST_KEY_UISupportedInterfaceOrientations_iPad = "UIInterfaceOrientationPortrait UIInterfaceOrientationPortraitUpsideDown UIInterfaceOrientationLandscapeLeft UIInterfaceOrientationLandscapeRight";
				INFOPLIST_KEY_UISupportedInterfaceOrientations_iPhone = "UIInterfaceOrientationPortrait UIInterfaceOrientationLandscapeLeft UIInterfaceOrientationLandscapeRight";
				LD_RUNPATH_SEARCH_PATHS = (
					"$(inherited)",
					"@executable_path/Frameworks",
				);
				MARKETING_VERSION = 1.0;
				PRODUCT_BUNDLE_IDENTIFIER = com.theyoogle.ExpandableBottomSheet;
				PRODUCT_NAME = "$(TARGET_NAME)";
				SWIFT_EMIT_LOC_STRINGS = YES;
				SWIFT_VERSION = 5.0;
				TARGETED_DEVICE_FAMILY = "1,2";
			};
			name = Release;
		};
/* End XCBuildConfiguration section */

/* Begin XCConfigurationList section */
		5A05E901287B1ACE00DA995E /* Build configuration list for PBXProject "ExpandableBottomSheet" */ = {
			isa = XCConfigurationList;
			buildConfigurations = (
				5A05E912287B1ACE00DA995E /* Debug */,
				5A05E913287B1ACE00DA995E /* Release */,
			);
			defaultConfigurationIsVisible = 0;
			defaultConfigurationName = Release;
		};
		5A05E914287B1ACE00DA995E /* Build configuration list for PBXNativeTarget "ExpandableBottomSheet" */ = {
			isa = XCConfigurationList;
			buildConfigurations = (
				5A05E915287B1ACE00DA995E /* Debug */,
				5A05E916287B1ACE00DA995E /* Release */,
			);
			defaultConfigurationIsVisible = 0;
			defaultConfigurationName = Release;
		};
/* End XCConfigurationList section */
	};
	rootObject = 5A05E8FE287B1ACE00DA995E /* Project object */;
}
